
Microsoft Visual Studio Solution File, Format Version 12.00
# Visual Studio Version 17
VisualStudioVersion = 17.5.2.0
MinimumVisualStudioVersion = 10.0.40219.1
Project("{9A19103F-16F7-4668-BE54-9A1E7A4F7556}") = "TSConvert", "TSConvert.csproj", "{6BD8DFEE-C7B7-4AA2-AEC0-BAB322BF3BC4}"
EndProject
Project("{FAE04EC0-301F-11D3-BF4B-00C04F79EFBC}") = "TSConvert.Tests", "..\TSConvert.Tests\TSConvert.Tests.csproj", "{9B7FA6E4-8248-446D-9DBD-72E57528061A}"
EndProject
Global
	GlobalSection(SolutionConfigurationPlatforms) = preSolution
		Debug|Any CPU = Debug|Any CPU
		Debug|x64 = Debug|x64
		Debug|x86 = Debug|x86
		Release|Any CPU = Release|Any CPU
		Release|x64 = Release|x64
		Release|x86 = Release|x86
	EndGlobalSection
	GlobalSection(ProjectConfigurationPlatforms) = postSolution
		{6BD8DFEE-C7B7-4AA2-AEC0-BAB322BF3BC4}.Debug|Any CPU.ActiveCfg = Debug|Any CPU
		{6BD8DFEE-C7B7-4AA2-AEC0-BAB322BF3BC4}.Debug|Any CPU.Build.0 = Debug|Any CPU
		{6BD8DFEE-C7B7-4AA2-AEC0-BAB322BF3BC4}.Debug|x64.ActiveCfg = Debug|Any CPU
		{6BD8DFEE-C7B7-4AA2-AEC0-BAB322BF3BC4}.Debug|x64.Build.0 = Debug|Any CPU
		{6BD8DFEE-C7B7-4AA2-AEC0-BAB322BF3BC4}.Debug|x86.ActiveCfg = Debug|Any CPU
		{6BD8DFEE-C7B7-4AA2-AEC0-BAB322BF3BC4}.Debug|x86.Build.0 = Debug|Any CPU
		{6BD8DFEE-C7B7-4AA2-AEC0-BAB322BF3BC4}.Release|Any CPU.ActiveCfg = Release|Any CPU
		{6BD8DFEE-C7B7-4AA2-AEC0-BAB322BF3BC4}.Release|Any CPU.Build.0 = Release|Any CPU
		{6BD8DFEE-C7B7-4AA2-AEC0-BAB322BF3BC4}.Release|x64.ActiveCfg = Release|Any CPU
		{6BD8DFEE-C7B7-4AA2-AEC0-BAB322BF3BC4}.Release|x64.Build.0 = Release|Any CPU
		{6BD8DFEE-C7B7-4AA2-AEC0-BAB322BF3BC4}.Release|x86.ActiveCfg = Release|Any CPU
		{6BD8DFEE-C7B7-4AA2-AEC0-BAB322BF3BC4}.Release|x86.Build.0 = Release|Any CPU
		{9B7FA6E4-8248-446D-9DBD-72E57528061A}.Debug|Any CPU.ActiveCfg = Debug|Any CPU
		{9B7FA6E4-8248-446D-9DBD-72E57528061A}.Debug|Any CPU.Build.0 = Debug|Any CPU
		{9B7FA6E4-8248-446D-9DBD-72E57528061A}.Debug|x64.ActiveCfg = Debug|Any CPU
		{9B7FA6E4-8248-446D-9DBD-72E57528061A}.Debug|x64.Build.0 = Debug|Any CPU
		{9B7FA6E4-8248-446D-9DBD-72E57528061A}.Debug|x86.ActiveCfg = Debug|Any CPU
		{9B7FA6E4-8248-446D-9DBD-72E57528061A}.Debug|x86.Build.0 = Debug|Any CPU
		{9B7FA6E4-8248-446D-9DBD-72E57528061A}.Release|Any CPU.ActiveCfg = Release|Any CPU
		{9B7FA6E4-8248-446D-9DBD-72E57528061A}.Release|Any CPU.Build.0 = Release|Any CPU
		{9B7FA6E4-8248-446D-9DBD-72E57528061A}.Release|x64.ActiveCfg = Release|Any CPU
		{9B7FA6E4-8248-446D-9DBD-72E57528061A}.Release|x64.Build.0 = Release|Any CPU
		{9B7FA6E4-8248-446D-9DBD-72E57528061A}.Release|x86.ActiveCfg = Release|Any CPU
		{9B7FA6E4-8248-446D-9DBD-72E57528061A}.Release|x86.Build.0 = Release|Any CPU
	EndGlobalSection
	GlobalSection(SolutionProperties) = preSolution
		HideSolutionNode = FALSE
	EndGlobalSection
	GlobalSection(ExtensibilityGlobals) = postSolution
		SolutionGuid = {6C715BB1-185E-4C94-A5C7-FBF3FFDD9FE4}
	EndGlobalSection
EndGlobal
